
Microsoft Visual Studio Solution File, Format Version 12.00
# Visual Studio Version 16
VisualStudioVersion = 16.0.30804.86
MinimumVisualStudioVersion = 10.0.40219.1
Project("{FAE04EC0-301F-11D3-BF4B-00C04F79EFBC}") = "IfElse", "IfElse\IfElse.csproj", "{23F86D77-8F09-476D-9EB4-326383F10E3C}"
EndProject
Global
	GlobalSection(SolutionConfigurationPlatforms) = preSolution
		Debug|Any CPU = Debug|Any CPU
		Release|Any CPU = Release|Any CPU
	EndGlobalSection
	GlobalSection(ProjectConfigurationPlatforms) = postSolution
		{23F86D77-8F09-476D-9EB4-326383F10E3C}.Debug|Any CPU.ActiveCfg = Debug|Any CPU
		{23F86D77-8F09-476D-9EB4-326383F10E3C}.Debug|Any CPU.Build.0 = Debug|Any CPU
		{23F86D77-8F09-476D-9EB4-326383F10E3C}.Release|Any CPU.ActiveCfg = Release|Any CPU
		{23F86D77-8F09-476D-9EB4-326383F10E3C}.Release|Any CPU.Build.0 = Release|Any CPU
	EndGlobalSection
	GlobalSection(SolutionProperties) = preSolution
		HideSolutionNode = FALSE
	EndGlobalSection
	GlobalSection(ExtensibilityGlobals) = postSolution
		SolutionGuid = {F1A8A53D-6F00-41FF-BFDD-C8E674D96DAD}
	EndGlobalSection
EndGlobal
