
Microsoft Visual Studio Solution File, Format Version 12.00
# Visual Studio Version 16
VisualStudioVersion = 16.0.30804.86
MinimumVisualStudioVersion = 10.0.40219.1
Project("{FAE04EC0-301F-11D3-BF4B-00C04F79EFBC}") = "WhileDoWhile", "WhileDoWhile\WhileDoWhile.csproj", "{66119CFC-1BB1-4555-8766-13E7F7BAB280}"
EndProject
Global
	GlobalSection(SolutionConfigurationPlatforms) = preSolution
		Debug|Any CPU = Debug|Any CPU
		Release|Any CPU = Release|Any CPU
	EndGlobalSection
	GlobalSection(ProjectConfigurationPlatforms) = postSolution
		{66119CFC-1BB1-4555-8766-13E7F7BAB280}.Debug|Any CPU.ActiveCfg = Debug|Any CPU
		{66119CFC-1BB1-4555-8766-13E7F7BAB280}.Debug|Any CPU.Build.0 = Debug|Any CPU
		{66119CFC-1BB1-4555-8766-13E7F7BAB280}.Release|Any CPU.ActiveCfg = Release|Any CPU
		{66119CFC-1BB1-4555-8766-13E7F7BAB280}.Release|Any CPU.Build.0 = Release|Any CPU
	EndGlobalSection
	GlobalSection(SolutionProperties) = preSolution
		HideSolutionNode = FALSE
	EndGlobalSection
	GlobalSection(ExtensibilityGlobals) = postSolution
		SolutionGuid = {72C6DBE1-0462-477A-9984-E7333A0FF7D9}
	EndGlobalSection
EndGlobal
