
Microsoft Visual Studio Solution File, Format Version 12.00
# Visual Studio Version 16
VisualStudioVersion = 16.0.30804.86
MinimumVisualStudioVersion = 10.0.40219.1
Project("{FAE04EC0-301F-11D3-BF4B-00C04F79EFBC}") = "StringFormatting", "StringFormatting\StringFormatting.csproj", "{19A29AB8-A56D-40BB-9078-8A077DD20773}"
EndProject
Global
	GlobalSection(SolutionConfigurationPlatforms) = preSolution
		Debug|Any CPU = Debug|Any CPU
		Release|Any CPU = Release|Any CPU
	EndGlobalSection
	GlobalSection(ProjectConfigurationPlatforms) = postSolution
		{19A29AB8-A56D-40BB-9078-8A077DD20773}.Debug|Any CPU.ActiveCfg = Debug|Any CPU
		{19A29AB8-A56D-40BB-9078-8A077DD20773}.Debug|Any CPU.Build.0 = Debug|Any CPU
		{19A29AB8-A56D-40BB-9078-8A077DD20773}.Release|Any CPU.ActiveCfg = Release|Any CPU
		{19A29AB8-A56D-40BB-9078-8A077DD20773}.Release|Any CPU.Build.0 = Release|Any CPU
	EndGlobalSection
	GlobalSection(SolutionProperties) = preSolution
		HideSolutionNode = FALSE
	EndGlobalSection
	GlobalSection(ExtensibilityGlobals) = postSolution
		SolutionGuid = {8943F8BA-1FC1-416B-9CF8-503905AC5600}
	EndGlobalSection
EndGlobal
